
Microsoft Visual Studio Solution File, Format Version 12.00
# Visual Studio Version 16
VisualStudioVersion = 16.0.29926.136
MinimumVisualStudioVersion = 10.0.40219.1
Project("{FAE04EC0-301F-11D3-BF4B-00C04F79EFBC}") = "charity", "charity.csproj", "{D6920689-9B47-4C1B-830E-0ACF5AF894CF}"
EndProject
Global
	GlobalSection(SolutionConfigurationPlatforms) = preSolution
		Debug|Any CPU = Debug|Any CPU
		Release|Any CPU = Release|Any CPU
	EndGlobalSection
	GlobalSection(ProjectConfigurationPlatforms) = postSolution
		{D6920689-9B47-4C1B-830E-0ACF5AF894CF}.Debug|Any CPU.ActiveCfg = Debug|Any CPU
		{D6920689-9B47-4C1B-830E-0ACF5AF894CF}.Debug|Any CPU.Build.0 = Debug|Any CPU
		{D6920689-9B47-4C1B-830E-0ACF5AF894CF}.Release|Any CPU.ActiveCfg = Release|Any CPU
		{D6920689-9B47-4C1B-830E-0ACF5AF894CF}.Release|Any CPU.Build.0 = Release|Any CPU
	EndGlobalSection
	GlobalSection(SolutionProperties) = preSolution
		HideSolutionNode = FALSE
	EndGlobalSection
	GlobalSection(ExtensibilityGlobals) = postSolution
		SolutionGuid = {0D8A1AF1-3946-4688-BD8E-407F162DC908}
	EndGlobalSection
EndGlobal
